
Microsoft Visual Studio Solution File, Format Version 12.00
# Visual Studio Version 17
VisualStudioVersion = 17.7.34031.279
MinimumVisualStudioVersion = 10.0.40219.1
Project("{FAE04EC0-301F-11D3-BF4B-00C04F79EFBC}") = "4", "4.csproj", "{4890EE5E-6CAA-4CCB-81F7-59F9C742A71B}"
EndProject
Global
	GlobalSection(SolutionConfigurationPlatforms) = preSolution
		Debug|Any CPU = Debug|Any CPU
		Release|Any CPU = Release|Any CPU
	EndGlobalSection
	GlobalSection(ProjectConfigurationPlatforms) = postSolution
		{4890EE5E-6CAA-4CCB-81F7-59F9C742A71B}.Debug|Any CPU.ActiveCfg = Debug|Any CPU
		{4890EE5E-6CAA-4CCB-81F7-59F9C742A71B}.Debug|Any CPU.Build.0 = Debug|Any CPU
		{4890EE5E-6CAA-4CCB-81F7-59F9C742A71B}.Release|Any CPU.ActiveCfg = Release|Any CPU
		{4890EE5E-6CAA-4CCB-81F7-59F9C742A71B}.Release|Any CPU.Build.0 = Release|Any CPU
	EndGlobalSection
	GlobalSection(SolutionProperties) = preSolution
		HideSolutionNode = FALSE
	EndGlobalSection
	GlobalSection(ExtensibilityGlobals) = postSolution
		SolutionGuid = {B7164772-663B-4AAE-A62F-0ACD55C132BC}
	EndGlobalSection
EndGlobal
