
Microsoft Visual Studio Solution File, Format Version 12.00
# Visual Studio Version 17
VisualStudioVersion = 17.7.34031.279
MinimumVisualStudioVersion = 10.0.40219.1
Project("{FAE04EC0-301F-11D3-BF4B-00C04F79EFBC}") = "lab_05", "lab_05.csproj", "{0265921D-31F0-432B-A5A8-184C9A3ECF29}"
EndProject
Global
	GlobalSection(SolutionConfigurationPlatforms) = preSolution
		Debug|Any CPU = Debug|Any CPU
		Release|Any CPU = Release|Any CPU
	EndGlobalSection
	GlobalSection(ProjectConfigurationPlatforms) = postSolution
		{0265921D-31F0-432B-A5A8-184C9A3ECF29}.Debug|Any CPU.ActiveCfg = Debug|Any CPU
		{0265921D-31F0-432B-A5A8-184C9A3ECF29}.Debug|Any CPU.Build.0 = Debug|Any CPU
		{0265921D-31F0-432B-A5A8-184C9A3ECF29}.Release|Any CPU.ActiveCfg = Release|Any CPU
		{0265921D-31F0-432B-A5A8-184C9A3ECF29}.Release|Any CPU.Build.0 = Release|Any CPU
	EndGlobalSection
	GlobalSection(SolutionProperties) = preSolution
		HideSolutionNode = FALSE
	EndGlobalSection
	GlobalSection(ExtensibilityGlobals) = postSolution
		SolutionGuid = {55510191-2C0C-4A15-8615-B3350DC8541D}
	EndGlobalSection
EndGlobal
