
Microsoft Visual Studio Solution File, Format Version 12.00
# Visual Studio Version 17
VisualStudioVersion = 17.7.34031.279
MinimumVisualStudioVersion = 10.0.40219.1
Project("{FAE04EC0-301F-11D3-BF4B-00C04F79EFBC}") = "lab03", "lab03.csproj", "{11571D7A-D7E0-476F-9D61-BA1589EF03BA}"
EndProject
Global
	GlobalSection(SolutionConfigurationPlatforms) = preSolution
		Debug|Any CPU = Debug|Any CPU
		Release|Any CPU = Release|Any CPU
	EndGlobalSection
	GlobalSection(ProjectConfigurationPlatforms) = postSolution
		{11571D7A-D7E0-476F-9D61-BA1589EF03BA}.Debug|Any CPU.ActiveCfg = Debug|Any CPU
		{11571D7A-D7E0-476F-9D61-BA1589EF03BA}.Debug|Any CPU.Build.0 = Debug|Any CPU
		{11571D7A-D7E0-476F-9D61-BA1589EF03BA}.Release|Any CPU.ActiveCfg = Release|Any CPU
		{11571D7A-D7E0-476F-9D61-BA1589EF03BA}.Release|Any CPU.Build.0 = Release|Any CPU
	EndGlobalSection
	GlobalSection(SolutionProperties) = preSolution
		HideSolutionNode = FALSE
	EndGlobalSection
	GlobalSection(ExtensibilityGlobals) = postSolution
		SolutionGuid = {F76014B6-5F9D-4746-886F-1E39805F4D5C}
	EndGlobalSection
EndGlobal
